
Microsoft Visual Studio Solution File, Format Version 12.00
# Visual Studio 14
VisualStudioVersion = 14.0.25420.1
MinimumVisualStudioVersion = 10.0.40219.1
Project("{FAE04EC0-301F-11D3-BF4B-00C04F79EFBC}") = "Camsoft", "Camsoft\Camsoft.csproj", "{B0FC50ED-F548-4A7B-AAB7-2B90189834FD}"
EndProject
Project("{54435603-DBB4-11D2-8724-00A0C9A8B90C}") = "coft", "coft\coft.vdproj", "{368BF658-6869-4099-B387-2077647FAF1F}"
EndProject
Project("{FAE04EC0-301F-11D3-BF4B-00C04F79EFBC}") = "Log_tester", "..\Log_tester\Log_tester\Log_tester.csproj", "{BB9F8AB8-E7B6-48CE-A192-CCC231C86A23}"
EndProject
Global
	GlobalSection(SolutionConfigurationPlatforms) = preSolution
		Debug|Any CPU = Debug|Any CPU
		Debug|x86 = Debug|x86
		Release|Any CPU = Release|Any CPU
		Release|x86 = Release|x86
	EndGlobalSection
	GlobalSection(ProjectConfigurationPlatforms) = postSolution
		{B0FC50ED-F548-4A7B-AAB7-2B90189834FD}.Debug|Any CPU.ActiveCfg = Debug|Any CPU
		{B0FC50ED-F548-4A7B-AAB7-2B90189834FD}.Debug|Any CPU.Build.0 = Debug|Any CPU
		{B0FC50ED-F548-4A7B-AAB7-2B90189834FD}.Debug|Any CPU.Deploy.0 = Debug|Any CPU
		{B0FC50ED-F548-4A7B-AAB7-2B90189834FD}.Debug|x86.ActiveCfg = Debug|x86
		{B0FC50ED-F548-4A7B-AAB7-2B90189834FD}.Debug|x86.Build.0 = Debug|x86
		{B0FC50ED-F548-4A7B-AAB7-2B90189834FD}.Release|Any CPU.ActiveCfg = Release|Any CPU
		{B0FC50ED-F548-4A7B-AAB7-2B90189834FD}.Release|Any CPU.Build.0 = Release|Any CPU
		{B0FC50ED-F548-4A7B-AAB7-2B90189834FD}.Release|x86.ActiveCfg = Release|x86
		{B0FC50ED-F548-4A7B-AAB7-2B90189834FD}.Release|x86.Build.0 = Release|x86
		{368BF658-6869-4099-B387-2077647FAF1F}.Debug|Any CPU.ActiveCfg = Debug
		{368BF658-6869-4099-B387-2077647FAF1F}.Debug|x86.ActiveCfg = Debug
		{368BF658-6869-4099-B387-2077647FAF1F}.Release|Any CPU.ActiveCfg = Release
		{368BF658-6869-4099-B387-2077647FAF1F}.Release|x86.ActiveCfg = Release
		{BB9F8AB8-E7B6-48CE-A192-CCC231C86A23}.Debug|Any CPU.ActiveCfg = Debug|Any CPU
		{BB9F8AB8-E7B6-48CE-A192-CCC231C86A23}.Debug|Any CPU.Build.0 = Debug|Any CPU
		{BB9F8AB8-E7B6-48CE-A192-CCC231C86A23}.Debug|x86.ActiveCfg = Debug|Any CPU
		{BB9F8AB8-E7B6-48CE-A192-CCC231C86A23}.Debug|x86.Build.0 = Debug|Any CPU
		{BB9F8AB8-E7B6-48CE-A192-CCC231C86A23}.Release|Any CPU.ActiveCfg = Release|Any CPU
		{BB9F8AB8-E7B6-48CE-A192-CCC231C86A23}.Release|Any CPU.Build.0 = Release|Any CPU
		{BB9F8AB8-E7B6-48CE-A192-CCC231C86A23}.Release|x86.ActiveCfg = Release|Any CPU
		{BB9F8AB8-E7B6-48CE-A192-CCC231C86A23}.Release|x86.Build.0 = Release|Any CPU
	EndGlobalSection
	GlobalSection(SolutionProperties) = preSolution
		HideSolutionNode = FALSE
	EndGlobalSection
EndGlobal
